
Microsoft Visual Studio Solution File, Format Version 12.00
# Visual Studio 15
VisualStudioVersion = 15.0.27130.2027
MinimumVisualStudioVersion = 10.0.40219.1
Project("{FAE04EC0-301F-11D3-BF4B-00C04F79EFBC}") = "ConsoleApp-BlockEncrypt", "ConsoleApp-BlockEncrypt\ConsoleApp-BlockEncrypt.csproj", "{8561311D-1625-4B17-8468-348ADF0A4B36}"
EndProject
Project("{FAE04EC0-301F-11D3-BF4B-00C04F79EFBC}") = "WinForm-BlockEncypt", "WinForm-BlockEncypt\WinForm-BlockEncypt.csproj", "{313A714C-FB73-45A1-8DAD-DE2DBAC07A13}"
EndProject
Global
	GlobalSection(SolutionConfigurationPlatforms) = preSolution
		Debug|Any CPU = Debug|Any CPU
		Release|Any CPU = Release|Any CPU
	EndGlobalSection
	GlobalSection(ProjectConfigurationPlatforms) = postSolution
		{8561311D-1625-4B17-8468-348ADF0A4B36}.Debug|Any CPU.ActiveCfg = Debug|Any CPU
		{8561311D-1625-4B17-8468-348ADF0A4B36}.Debug|Any CPU.Build.0 = Debug|Any CPU
		{8561311D-1625-4B17-8468-348ADF0A4B36}.Release|Any CPU.ActiveCfg = Release|Any CPU
		{8561311D-1625-4B17-8468-348ADF0A4B36}.Release|Any CPU.Build.0 = Release|Any CPU
		{313A714C-FB73-45A1-8DAD-DE2DBAC07A13}.Debug|Any CPU.ActiveCfg = Debug|Any CPU
		{313A714C-FB73-45A1-8DAD-DE2DBAC07A13}.Debug|Any CPU.Build.0 = Debug|Any CPU
		{313A714C-FB73-45A1-8DAD-DE2DBAC07A13}.Release|Any CPU.ActiveCfg = Release|Any CPU
		{313A714C-FB73-45A1-8DAD-DE2DBAC07A13}.Release|Any CPU.Build.0 = Release|Any CPU
	EndGlobalSection
	GlobalSection(SolutionProperties) = preSolution
		HideSolutionNode = FALSE
	EndGlobalSection
	GlobalSection(ExtensibilityGlobals) = postSolution
		SolutionGuid = {102B76F3-CE5A-4D1E-8457-C8C250494464}
	EndGlobalSection
EndGlobal
